
Microsoft Visual Studio Solution File, Format Version 12.00
# Visual Studio Version 17
VisualStudioVersion = 17.0.31903.59
MinimumVisualStudioVersion = 10.0.40219.1
Project("{FAE04EC0-301F-11D3-BF4B-00C04F79EFBC}") = "Flashcards.Api", "Flashcards.Api\Flashcards.Api.csproj", "{BB2F28CC-B07A-4C62-873B-DE716FD8736E}"
EndProject
Global
	GlobalSection(SolutionConfigurationPlatforms) = preSolution
		Debug|Any CPU = Debug|Any CPU
		Release|Any CPU = Release|Any CPU
	EndGlobalSection
	GlobalSection(SolutionProperties) = preSolution
		HideSolutionNode = FALSE
	EndGlobalSection
	GlobalSection(ProjectConfigurationPlatforms) = postSolution
		{BB2F28CC-B07A-4C62-873B-DE716FD8736E}.Debug|Any CPU.ActiveCfg = Debug|Any CPU
		{BB2F28CC-B07A-4C62-873B-DE716FD8736E}.Debug|Any CPU.Build.0 = Debug|Any CPU
		{BB2F28CC-B07A-4C62-873B-DE716FD8736E}.Release|Any CPU.ActiveCfg = Release|Any CPU
		{BB2F28CC-B07A-4C62-873B-DE716FD8736E}.Release|Any CPU.Build.0 = Release|Any CPU
	EndGlobalSection
EndGlobal
